
Microsoft Visual Studio Solution File, Format Version 12.00
# Visual Studio 15
VisualStudioVersion = 15.0.27703.2035
MinimumVisualStudioVersion = 10.0.40219.1
Project("{FAE04EC0-301F-11D3-BF4B-00C04F79EFBC}") = "SearchMTG.web", "SearchMTG.web\SearchMTG.web.csproj", "{7824886A-9749-4387-B154-3F625AA38F6F}"
EndProject
Project("{FAE04EC0-301F-11D3-BF4B-00C04F79EFBC}") = "SearchMTG.integration", "SearchMTG.integration\SearchMTG.integration.csproj", "{AB9E3138-CD3B-4636-8B2A-2108B5D3D721}"
EndProject
Project("{FAE04EC0-301F-11D3-BF4B-00C04F79EFBC}") = "SearchMTG.domain", "SearchMTG.domain\SearchMTG.domain.csproj", "{86019917-DCDA-495E-B5A4-0468F04B7672}"
EndProject
Global
	GlobalSection(SolutionConfigurationPlatforms) = preSolution
		Debug|Any CPU = Debug|Any CPU
		Release|Any CPU = Release|Any CPU
	EndGlobalSection
	GlobalSection(ProjectConfigurationPlatforms) = postSolution
		{7824886A-9749-4387-B154-3F625AA38F6F}.Debug|Any CPU.ActiveCfg = Debug|Any CPU
		{7824886A-9749-4387-B154-3F625AA38F6F}.Debug|Any CPU.Build.0 = Debug|Any CPU
		{7824886A-9749-4387-B154-3F625AA38F6F}.Release|Any CPU.ActiveCfg = Release|Any CPU
		{7824886A-9749-4387-B154-3F625AA38F6F}.Release|Any CPU.Build.0 = Release|Any CPU
		{AB9E3138-CD3B-4636-8B2A-2108B5D3D721}.Debug|Any CPU.ActiveCfg = Debug|Any CPU
		{AB9E3138-CD3B-4636-8B2A-2108B5D3D721}.Debug|Any CPU.Build.0 = Debug|Any CPU
		{AB9E3138-CD3B-4636-8B2A-2108B5D3D721}.Release|Any CPU.ActiveCfg = Release|Any CPU
		{AB9E3138-CD3B-4636-8B2A-2108B5D3D721}.Release|Any CPU.Build.0 = Release|Any CPU
		{86019917-DCDA-495E-B5A4-0468F04B7672}.Debug|Any CPU.ActiveCfg = Debug|Any CPU
		{86019917-DCDA-495E-B5A4-0468F04B7672}.Debug|Any CPU.Build.0 = Debug|Any CPU
		{86019917-DCDA-495E-B5A4-0468F04B7672}.Release|Any CPU.ActiveCfg = Release|Any CPU
		{86019917-DCDA-495E-B5A4-0468F04B7672}.Release|Any CPU.Build.0 = Release|Any CPU
	EndGlobalSection
	GlobalSection(SolutionProperties) = preSolution
		HideSolutionNode = FALSE
	EndGlobalSection
	GlobalSection(ExtensibilityGlobals) = postSolution
		SolutionGuid = {D8F3B24E-349E-47FF-AD5C-281D5DC7DEB6}
	EndGlobalSection
EndGlobal
